
Microsoft Visual Studio Solution File, Format Version 12.00
# Visual Studio 14
VisualStudioVersion = 14.0.22823.1
MinimumVisualStudioVersion = 10.0.40219.1
Project("{8BC9CEB8-8B4A-11D0-8D11-00A0C91BC942}") = "IoTrick", "IoTrick\IoTrick.vcxproj", "{77B306F4-0A55-4439-9B73-CCC647ACCFDC}"
EndProject
Project("{8BC9CEB8-8B4A-11D0-8D11-00A0C91BC942}") = "IoTrickV2", "IoTrickV2\IoTrickV2.vcxproj", "{D3686F16-61FE-44C7-BE9C-30F086DE1C84}"
EndProject
Global
	GlobalSection(SolutionConfigurationPlatforms) = preSolution
		Debug|Any CPU = Debug|Any CPU
		Debug|ARM = Debug|ARM
		Debug|Mixed Platforms = Debug|Mixed Platforms
		Debug|Win32 = Debug|Win32
		Debug|x64 = Debug|x64
		Debug|x86 = Debug|x86
		Release|Any CPU = Release|Any CPU
		Release|ARM = Release|ARM
		Release|Mixed Platforms = Release|Mixed Platforms
		Release|Win32 = Release|Win32
		Release|x64 = Release|x64
		Release|x86 = Release|x86
	EndGlobalSection
	GlobalSection(ProjectConfigurationPlatforms) = postSolution
		{77B306F4-0A55-4439-9B73-CCC647ACCFDC}.Debug|Any CPU.ActiveCfg = Debug|Win32
		{77B306F4-0A55-4439-9B73-CCC647ACCFDC}.Debug|ARM.ActiveCfg = Debug|Win32
		{77B306F4-0A55-4439-9B73-CCC647ACCFDC}.Debug|Mixed Platforms.ActiveCfg = Debug|Win32
		{77B306F4-0A55-4439-9B73-CCC647ACCFDC}.Debug|Mixed Platforms.Build.0 = Debug|Win32
		{77B306F4-0A55-4439-9B73-CCC647ACCFDC}.Debug|Mixed Platforms.Deploy.0 = Debug|Win32
		{77B306F4-0A55-4439-9B73-CCC647ACCFDC}.Debug|Win32.ActiveCfg = Debug|Win32
		{77B306F4-0A55-4439-9B73-CCC647ACCFDC}.Debug|Win32.Build.0 = Debug|Win32
		{77B306F4-0A55-4439-9B73-CCC647ACCFDC}.Debug|Win32.Deploy.0 = Debug|Win32
		{77B306F4-0A55-4439-9B73-CCC647ACCFDC}.Debug|x64.ActiveCfg = Debug|Win32
		{77B306F4-0A55-4439-9B73-CCC647ACCFDC}.Debug|x86.ActiveCfg = Debug|Win32
		{77B306F4-0A55-4439-9B73-CCC647ACCFDC}.Debug|x86.Build.0 = Debug|Win32
		{77B306F4-0A55-4439-9B73-CCC647ACCFDC}.Debug|x86.Deploy.0 = Debug|Win32
		{77B306F4-0A55-4439-9B73-CCC647ACCFDC}.Release|Any CPU.ActiveCfg = Release|Win32
		{77B306F4-0A55-4439-9B73-CCC647ACCFDC}.Release|ARM.ActiveCfg = Release|Win32
		{77B306F4-0A55-4439-9B73-CCC647ACCFDC}.Release|Mixed Platforms.ActiveCfg = Release|Win32
		{77B306F4-0A55-4439-9B73-CCC647ACCFDC}.Release|Mixed Platforms.Build.0 = Release|Win32
		{77B306F4-0A55-4439-9B73-CCC647ACCFDC}.Release|Mixed Platforms.Deploy.0 = Release|Win32
		{77B306F4-0A55-4439-9B73-CCC647ACCFDC}.Release|Win32.ActiveCfg = Release|Win32
		{77B306F4-0A55-4439-9B73-CCC647ACCFDC}.Release|Win32.Build.0 = Release|Win32
		{77B306F4-0A55-4439-9B73-CCC647ACCFDC}.Release|Win32.Deploy.0 = Release|Win32
		{77B306F4-0A55-4439-9B73-CCC647ACCFDC}.Release|x64.ActiveCfg = Release|Win32
		{77B306F4-0A55-4439-9B73-CCC647ACCFDC}.Release|x86.ActiveCfg = Release|Win32
		{77B306F4-0A55-4439-9B73-CCC647ACCFDC}.Release|x86.Build.0 = Release|Win32
		{77B306F4-0A55-4439-9B73-CCC647ACCFDC}.Release|x86.Deploy.0 = Release|Win32
		{D3686F16-61FE-44C7-BE9C-30F086DE1C84}.Debug|Any CPU.ActiveCfg = Debug|Win32
		{D3686F16-61FE-44C7-BE9C-30F086DE1C84}.Debug|ARM.ActiveCfg = Debug|Win32
		{D3686F16-61FE-44C7-BE9C-30F086DE1C84}.Debug|Mixed Platforms.ActiveCfg = Debug|Win32
		{D3686F16-61FE-44C7-BE9C-30F086DE1C84}.Debug|Mixed Platforms.Build.0 = Debug|Win32
		{D3686F16-61FE-44C7-BE9C-30F086DE1C84}.Debug|Mixed Platforms.Deploy.0 = Debug|Win32
		{D3686F16-61FE-44C7-BE9C-30F086DE1C84}.Debug|Win32.ActiveCfg = Debug|Win32
		{D3686F16-61FE-44C7-BE9C-30F086DE1C84}.Debug|Win32.Build.0 = Debug|Win32
		{D3686F16-61FE-44C7-BE9C-30F086DE1C84}.Debug|Win32.Deploy.0 = Debug|Win32
		{D3686F16-61FE-44C7-BE9C-30F086DE1C84}.Debug|x64.ActiveCfg = Debug|Win32
		{D3686F16-61FE-44C7-BE9C-30F086DE1C84}.Debug|x86.ActiveCfg = Debug|Win32
		{D3686F16-61FE-44C7-BE9C-30F086DE1C84}.Debug|x86.Build.0 = Debug|Win32
		{D3686F16-61FE-44C7-BE9C-30F086DE1C84}.Debug|x86.Deploy.0 = Debug|Win32
		{D3686F16-61FE-44C7-BE9C-30F086DE1C84}.Release|Any CPU.ActiveCfg = Release|Win32
		{D3686F16-61FE-44C7-BE9C-30F086DE1C84}.Release|ARM.ActiveCfg = Release|Win32
		{D3686F16-61FE-44C7-BE9C-30F086DE1C84}.Release|Mixed Platforms.ActiveCfg = Release|Win32
		{D3686F16-61FE-44C7-BE9C-30F086DE1C84}.Release|Mixed Platforms.Build.0 = Release|Win32
		{D3686F16-61FE-44C7-BE9C-30F086DE1C84}.Release|Mixed Platforms.Deploy.0 = Release|Win32
		{D3686F16-61FE-44C7-BE9C-30F086DE1C84}.Release|Win32.ActiveCfg = Release|Win32
		{D3686F16-61FE-44C7-BE9C-30F086DE1C84}.Release|Win32.Build.0 = Release|Win32
		{D3686F16-61FE-44C7-BE9C-30F086DE1C84}.Release|Win32.Deploy.0 = Release|Win32
		{D3686F16-61FE-44C7-BE9C-30F086DE1C84}.Release|x64.ActiveCfg = Release|Win32
		{D3686F16-61FE-44C7-BE9C-30F086DE1C84}.Release|x86.ActiveCfg = Release|Win32
		{D3686F16-61FE-44C7-BE9C-30F086DE1C84}.Release|x86.Build.0 = Release|Win32
		{D3686F16-61FE-44C7-BE9C-30F086DE1C84}.Release|x86.Deploy.0 = Release|Win32
	EndGlobalSection
	GlobalSection(SolutionProperties) = preSolution
		HideSolutionNode = FALSE
	EndGlobalSection
EndGlobal
